
Microsoft Visual Studio Solution File, Format Version 12.00
# Visual Studio Version 17
VisualStudioVersion = 17.11.35327.3
MinimumVisualStudioVersion = 10.0.40219.1
Project("{FAE04EC0-301F-11D3-BF4B-00C04F79EFBC}") = "P2_1_714230057", "P2_1_714230057\P2_1_714230057.csproj", "{329338BC-09D3-44C1-992F-44EE314D584B}"
EndProject
Global
	GlobalSection(SolutionConfigurationPlatforms) = preSolution
		Debug|Any CPU = Debug|Any CPU
		Release|Any CPU = Release|Any CPU
	EndGlobalSection
	GlobalSection(ProjectConfigurationPlatforms) = postSolution
		{329338BC-09D3-44C1-992F-44EE314D584B}.Debug|Any CPU.ActiveCfg = Debug|Any CPU
		{329338BC-09D3-44C1-992F-44EE314D584B}.Debug|Any CPU.Build.0 = Debug|Any CPU
		{329338BC-09D3-44C1-992F-44EE314D584B}.Release|Any CPU.ActiveCfg = Release|Any CPU
		{329338BC-09D3-44C1-992F-44EE314D584B}.Release|Any CPU.Build.0 = Release|Any CPU
	EndGlobalSection
	GlobalSection(SolutionProperties) = preSolution
		HideSolutionNode = FALSE
	EndGlobalSection
	GlobalSection(ExtensibilityGlobals) = postSolution
		SolutionGuid = {4CD4F4C8-28F5-4A88-81B5-50D028A3B5F0}
	EndGlobalSection
EndGlobal
