
Microsoft Visual Studio Solution File, Format Version 12.00
# Visual Studio Version 17
VisualStudioVersion = 17.11.35327.3
MinimumVisualStudioVersion = 10.0.40219.1
Project("{FAE04EC0-301F-11D3-BF4B-00C04F79EFBC}") = "P5_4_714230057", "P5_4_714230057\P5_4_714230057.csproj", "{285BA9A5-B605-4CBF-8940-2B744512BF3A}"
EndProject
Global
	GlobalSection(SolutionConfigurationPlatforms) = preSolution
		Debug|Any CPU = Debug|Any CPU
		Release|Any CPU = Release|Any CPU
	EndGlobalSection
	GlobalSection(ProjectConfigurationPlatforms) = postSolution
		{285BA9A5-B605-4CBF-8940-2B744512BF3A}.Debug|Any CPU.ActiveCfg = Debug|Any CPU
		{285BA9A5-B605-4CBF-8940-2B744512BF3A}.Debug|Any CPU.Build.0 = Debug|Any CPU
		{285BA9A5-B605-4CBF-8940-2B744512BF3A}.Release|Any CPU.ActiveCfg = Release|Any CPU
		{285BA9A5-B605-4CBF-8940-2B744512BF3A}.Release|Any CPU.Build.0 = Release|Any CPU
	EndGlobalSection
	GlobalSection(SolutionProperties) = preSolution
		HideSolutionNode = FALSE
	EndGlobalSection
	GlobalSection(ExtensibilityGlobals) = postSolution
		SolutionGuid = {3349CD4A-79CA-45AF-B499-15BFD0D833E6}
	EndGlobalSection
EndGlobal
