
Microsoft Visual Studio Solution File, Format Version 12.00
# Visual Studio Version 17
VisualStudioVersion = 17.11.35327.3
MinimumVisualStudioVersion = 10.0.40219.1
Project("{FAE04EC0-301F-11D3-BF4B-00C04F79EFBC}") = "P6_1_714230057", "P6_1_714230057\P6_1_714230057.csproj", "{8DBC0E88-7FBE-40E2-B27A-2594A7EBCEF1}"
EndProject
Global
	GlobalSection(SolutionConfigurationPlatforms) = preSolution
		Debug|Any CPU = Debug|Any CPU
		Release|Any CPU = Release|Any CPU
	EndGlobalSection
	GlobalSection(ProjectConfigurationPlatforms) = postSolution
		{8DBC0E88-7FBE-40E2-B27A-2594A7EBCEF1}.Debug|Any CPU.ActiveCfg = Debug|Any CPU
		{8DBC0E88-7FBE-40E2-B27A-2594A7EBCEF1}.Debug|Any CPU.Build.0 = Debug|Any CPU
		{8DBC0E88-7FBE-40E2-B27A-2594A7EBCEF1}.Release|Any CPU.ActiveCfg = Release|Any CPU
		{8DBC0E88-7FBE-40E2-B27A-2594A7EBCEF1}.Release|Any CPU.Build.0 = Release|Any CPU
	EndGlobalSection
	GlobalSection(SolutionProperties) = preSolution
		HideSolutionNode = FALSE
	EndGlobalSection
	GlobalSection(ExtensibilityGlobals) = postSolution
		SolutionGuid = {23039119-30D9-43F5-AF70-505FCD852683}
	EndGlobalSection
EndGlobal
